
Microsoft Visual Studio Solution File, Format Version 12.00
# Visual Studio Version 16
VisualStudioVersion = 16.0.31019.35
MinimumVisualStudioVersion = 10.0.40219.1
Project("{FAE04EC0-301F-11D3-BF4B-00C04F79EFBC}") = "MPT-RGZ", "MPT-RGZ\MPT-RGZ.csproj", "{52870B8C-6DE1-4A32-89B4-1DE7D4D4581D}"
EndProject
Project("{FAE04EC0-301F-11D3-BF4B-00C04F79EFBC}") = "MPT-RGZ-Tests", "MPT-RGZ-Tests\MPT-RGZ-Tests.csproj", "{8897D40E-6D80-4F28-B326-6BF004D0ED85}"
EndProject
Global
	GlobalSection(SolutionConfigurationPlatforms) = preSolution
		Debug|Any CPU = Debug|Any CPU
		Release|Any CPU = Release|Any CPU
	EndGlobalSection
	GlobalSection(ProjectConfigurationPlatforms) = postSolution
		{52870B8C-6DE1-4A32-89B4-1DE7D4D4581D}.Debug|Any CPU.ActiveCfg = Debug|Any CPU
		{52870B8C-6DE1-4A32-89B4-1DE7D4D4581D}.Debug|Any CPU.Build.0 = Debug|Any CPU
		{52870B8C-6DE1-4A32-89B4-1DE7D4D4581D}.Release|Any CPU.ActiveCfg = Release|Any CPU
		{52870B8C-6DE1-4A32-89B4-1DE7D4D4581D}.Release|Any CPU.Build.0 = Release|Any CPU
		{8897D40E-6D80-4F28-B326-6BF004D0ED85}.Debug|Any CPU.ActiveCfg = Debug|Any CPU
		{8897D40E-6D80-4F28-B326-6BF004D0ED85}.Debug|Any CPU.Build.0 = Debug|Any CPU
		{8897D40E-6D80-4F28-B326-6BF004D0ED85}.Release|Any CPU.ActiveCfg = Release|Any CPU
		{8897D40E-6D80-4F28-B326-6BF004D0ED85}.Release|Any CPU.Build.0 = Release|Any CPU
	EndGlobalSection
	GlobalSection(SolutionProperties) = preSolution
		HideSolutionNode = FALSE
	EndGlobalSection
	GlobalSection(ExtensibilityGlobals) = postSolution
		SolutionGuid = {8F69077D-7E40-4946-85C4-CB7E3330DE40}
	EndGlobalSection
EndGlobal
