
Microsoft Visual Studio Solution File, Format Version 12.00
# Visual Studio Version 16
VisualStudioVersion = 16.0.31019.35
MinimumVisualStudioVersion = 10.0.40219.1
Project("{FAE04EC0-301F-11D3-BF4B-00C04F79EFBC}") = "Calculator", "Calculator\Calculator.csproj", "{A69A333E-D3A4-469C-9EC1-A6852AF40998}"
EndProject
Project("{FAE04EC0-301F-11D3-BF4B-00C04F79EFBC}") = "UnitTest", "UnitTest\UnitTest.csproj", "{FB485CF9-B144-4BA1-ADEB-ED42407FB35A}"
EndProject
Global
	GlobalSection(SolutionConfigurationPlatforms) = preSolution
		Debug|Any CPU = Debug|Any CPU
		Release|Any CPU = Release|Any CPU
	EndGlobalSection
	GlobalSection(ProjectConfigurationPlatforms) = postSolution
		{A69A333E-D3A4-469C-9EC1-A6852AF40998}.Debug|Any CPU.ActiveCfg = Debug|Any CPU
		{A69A333E-D3A4-469C-9EC1-A6852AF40998}.Debug|Any CPU.Build.0 = Debug|Any CPU
		{A69A333E-D3A4-469C-9EC1-A6852AF40998}.Release|Any CPU.ActiveCfg = Release|Any CPU
		{A69A333E-D3A4-469C-9EC1-A6852AF40998}.Release|Any CPU.Build.0 = Release|Any CPU
		{FB485CF9-B144-4BA1-ADEB-ED42407FB35A}.Debug|Any CPU.ActiveCfg = Debug|Any CPU
		{FB485CF9-B144-4BA1-ADEB-ED42407FB35A}.Debug|Any CPU.Build.0 = Debug|Any CPU
		{FB485CF9-B144-4BA1-ADEB-ED42407FB35A}.Release|Any CPU.ActiveCfg = Release|Any CPU
		{FB485CF9-B144-4BA1-ADEB-ED42407FB35A}.Release|Any CPU.Build.0 = Release|Any CPU
	EndGlobalSection
	GlobalSection(SolutionProperties) = preSolution
		HideSolutionNode = FALSE
	EndGlobalSection
	GlobalSection(ExtensibilityGlobals) = postSolution
		SolutionGuid = {28021817-7B2B-4CE2-8FEA-7BCE87B98029}
	EndGlobalSection
EndGlobal
