
Microsoft Visual Studio Solution File, Format Version 12.00
# Visual Studio Version 16
VisualStudioVersion = 16.0.30611.23
MinimumVisualStudioVersion = 10.0.40219.1
Project("{FAE04EC0-301F-11D3-BF4B-00C04F79EFBC}") = "Lab11", "Lab11\Lab11.csproj", "{6B46D7B0-9E20-4C00-BC57-474D161FFDA2}"
EndProject
Project("{FAE04EC0-301F-11D3-BF4B-00C04F79EFBC}") = "UAbonentList test", "UAbonentList test\UAbonentList test.csproj", "{A99AC7F6-703A-431A-B04B-898A7E07DCB8}"
EndProject
Global
	GlobalSection(SolutionConfigurationPlatforms) = preSolution
		Debug|Any CPU = Debug|Any CPU
		Release|Any CPU = Release|Any CPU
	EndGlobalSection
	GlobalSection(ProjectConfigurationPlatforms) = postSolution
		{6B46D7B0-9E20-4C00-BC57-474D161FFDA2}.Debug|Any CPU.ActiveCfg = Debug|Any CPU
		{6B46D7B0-9E20-4C00-BC57-474D161FFDA2}.Debug|Any CPU.Build.0 = Debug|Any CPU
		{6B46D7B0-9E20-4C00-BC57-474D161FFDA2}.Release|Any CPU.ActiveCfg = Release|Any CPU
		{6B46D7B0-9E20-4C00-BC57-474D161FFDA2}.Release|Any CPU.Build.0 = Release|Any CPU
		{A99AC7F6-703A-431A-B04B-898A7E07DCB8}.Debug|Any CPU.ActiveCfg = Debug|Any CPU
		{A99AC7F6-703A-431A-B04B-898A7E07DCB8}.Debug|Any CPU.Build.0 = Debug|Any CPU
		{A99AC7F6-703A-431A-B04B-898A7E07DCB8}.Release|Any CPU.ActiveCfg = Release|Any CPU
		{A99AC7F6-703A-431A-B04B-898A7E07DCB8}.Release|Any CPU.Build.0 = Release|Any CPU
	EndGlobalSection
	GlobalSection(SolutionProperties) = preSolution
		HideSolutionNode = FALSE
	EndGlobalSection
	GlobalSection(ExtensibilityGlobals) = postSolution
		SolutionGuid = {40DF4DA1-5EC8-4AE3-B8C8-0C82CAF2D0D3}
	EndGlobalSection
EndGlobal
